
Microsoft Visual Studio Solution File, Format Version 12.00
# Visual Studio 15
VisualStudioVersion = 15.0.27703.2035
MinimumVisualStudioVersion = 10.0.40219.1
Project("{FAE04EC0-301F-11D3-BF4B-00C04F79EFBC}") = "CKD_No_1337", "CKD_No_1337\CKD_No_1337.csproj", "{97CCBB0A-09E4-4FD6-B9A9-D85A6C635AB9}"
EndProject
Global
	GlobalSection(SolutionConfigurationPlatforms) = preSolution
		Debug|Any CPU = Debug|Any CPU
		Release|Any CPU = Release|Any CPU
	EndGlobalSection
	GlobalSection(ProjectConfigurationPlatforms) = postSolution
		{97CCBB0A-09E4-4FD6-B9A9-D85A6C635AB9}.Debug|Any CPU.ActiveCfg = Debug|Any CPU
		{97CCBB0A-09E4-4FD6-B9A9-D85A6C635AB9}.Debug|Any CPU.Build.0 = Debug|Any CPU
		{97CCBB0A-09E4-4FD6-B9A9-D85A6C635AB9}.Release|Any CPU.ActiveCfg = Release|Any CPU
		{97CCBB0A-09E4-4FD6-B9A9-D85A6C635AB9}.Release|Any CPU.Build.0 = Release|Any CPU
	EndGlobalSection
	GlobalSection(SolutionProperties) = preSolution
		HideSolutionNode = FALSE
	EndGlobalSection
	GlobalSection(ExtensibilityGlobals) = postSolution
		SolutionGuid = {B982522E-4023-48F4-91BF-8EF61D034814}
	EndGlobalSection
EndGlobal
